
Microsoft Visual Studio Solution File, Format Version 12.00
# Visual Studio 15
VisualStudioVersion = 15.0.26730.3
MinimumVisualStudioVersion = 10.0.40219.1
Project("{FAE04EC0-301F-11D3-BF4B-00C04F79EFBC}") = "AdvantageOfParallelism", "AdvantageOfParallelism\AdvantageOfParallelism.csproj", "{B9669977-53DE-4BCC-97BF-48751422AB34}"
EndProject
Global
	GlobalSection(SolutionConfigurationPlatforms) = preSolution
		Debug|Any CPU = Debug|Any CPU
		Release|Any CPU = Release|Any CPU
	EndGlobalSection
	GlobalSection(ProjectConfigurationPlatforms) = postSolution
		{B9669977-53DE-4BCC-97BF-48751422AB34}.Debug|Any CPU.ActiveCfg = Debug|Any CPU
		{B9669977-53DE-4BCC-97BF-48751422AB34}.Debug|Any CPU.Build.0 = Debug|Any CPU
		{B9669977-53DE-4BCC-97BF-48751422AB34}.Release|Any CPU.ActiveCfg = Release|Any CPU
		{B9669977-53DE-4BCC-97BF-48751422AB34}.Release|Any CPU.Build.0 = Release|Any CPU
	EndGlobalSection
	GlobalSection(SolutionProperties) = preSolution
		HideSolutionNode = FALSE
	EndGlobalSection
	GlobalSection(ExtensibilityGlobals) = postSolution
		SolutionGuid = {AC7F1ECB-CC81-4102-B382-46295890D7B0}
	EndGlobalSection
EndGlobal
